
Microsoft Visual Studio Solution File, Format Version 12.00
# Visual Studio Version 17
VisualStudioVersion = 17.11.35303.130
MinimumVisualStudioVersion = 10.0.40219.1
Project("{FAE04EC0-301F-11D3-BF4B-00C04F79EFBC}") = "PacificProgramming.API", "PacificProgramming.API\PacificProgramming.API.csproj", "{34F58C6F-E975-4D2C-AD71-B2C80BEF4F9F}"
EndProject
Global
	GlobalSection(SolutionConfigurationPlatforms) = preSolution
		Debug|Any CPU = Debug|Any CPU
		Release|Any CPU = Release|Any CPU
	EndGlobalSection
	GlobalSection(ProjectConfigurationPlatforms) = postSolution
		{34F58C6F-E975-4D2C-AD71-B2C80BEF4F9F}.Debug|Any CPU.ActiveCfg = Debug|Any CPU
		{34F58C6F-E975-4D2C-AD71-B2C80BEF4F9F}.Debug|Any CPU.Build.0 = Debug|Any CPU
		{34F58C6F-E975-4D2C-AD71-B2C80BEF4F9F}.Release|Any CPU.ActiveCfg = Release|Any CPU
		{34F58C6F-E975-4D2C-AD71-B2C80BEF4F9F}.Release|Any CPU.Build.0 = Release|Any CPU
	EndGlobalSection
	GlobalSection(SolutionProperties) = preSolution
		HideSolutionNode = FALSE
	EndGlobalSection
	GlobalSection(ExtensibilityGlobals) = postSolution
		SolutionGuid = {EA55513F-4D63-4480-A4D0-E12C5FDAE13A}
	EndGlobalSection
EndGlobal
